
Microsoft Visual Studio Solution File, Format Version 12.00
# Visual Studio Version 17
VisualStudioVersion = 17.10.35027.167
MinimumVisualStudioVersion = 10.0.40219.1
Project("{FAE04EC0-301F-11D3-BF4B-00C04F79EFBC}") = "Renamer", "Renamer.csproj", "{5023D064-1FE0-4ACB-B01D-45D0F36FBEA9}"
EndProject
Global
	GlobalSection(SolutionConfigurationPlatforms) = preSolution
		Debug|Any CPU = Debug|Any CPU
		Release|Any CPU = Release|Any CPU
	EndGlobalSection
	GlobalSection(ProjectConfigurationPlatforms) = postSolution
		{5023D064-1FE0-4ACB-B01D-45D0F36FBEA9}.Debug|Any CPU.ActiveCfg = Debug|Any CPU
		{5023D064-1FE0-4ACB-B01D-45D0F36FBEA9}.Debug|Any CPU.Build.0 = Debug|Any CPU
		{5023D064-1FE0-4ACB-B01D-45D0F36FBEA9}.Release|Any CPU.ActiveCfg = Release|Any CPU
		{5023D064-1FE0-4ACB-B01D-45D0F36FBEA9}.Release|Any CPU.Build.0 = Release|Any CPU
	EndGlobalSection
	GlobalSection(SolutionProperties) = preSolution
		HideSolutionNode = FALSE
	EndGlobalSection
	GlobalSection(ExtensibilityGlobals) = postSolution
		SolutionGuid = {264AF2F1-A833-4C7E-B44B-CC08C7657EBD}
	EndGlobalSection
EndGlobal
